
Microsoft Visual Studio Solution File, Format Version 12.00
# Visual Studio 15
VisualStudioVersion = 15.0.26730.3
MinimumVisualStudioVersion = 10.0.40219.1
Project("{FAE04EC0-301F-11D3-BF4B-00C04F79EFBC}") = "FallCreatorsApp", "FallCreatorsApp\FallCreatorsApp.csproj", "{08A85014-2E2E-485E-8F31-E04676AAE1A1}"
EndProject
Global
	GlobalSection(SolutionConfigurationPlatforms) = preSolution
		Debug|ARM = Debug|ARM
		Debug|x64 = Debug|x64
		Debug|x86 = Debug|x86
		Release|ARM = Release|ARM
		Release|x64 = Release|x64
		Release|x86 = Release|x86
	EndGlobalSection
	GlobalSection(ProjectConfigurationPlatforms) = postSolution
		{08A85014-2E2E-485E-8F31-E04676AAE1A1}.Debug|ARM.ActiveCfg = Debug|ARM
		{08A85014-2E2E-485E-8F31-E04676AAE1A1}.Debug|ARM.Build.0 = Debug|ARM
		{08A85014-2E2E-485E-8F31-E04676AAE1A1}.Debug|ARM.Deploy.0 = Debug|ARM
		{08A85014-2E2E-485E-8F31-E04676AAE1A1}.Debug|x64.ActiveCfg = Debug|x64
		{08A85014-2E2E-485E-8F31-E04676AAE1A1}.Debug|x64.Build.0 = Debug|x64
		{08A85014-2E2E-485E-8F31-E04676AAE1A1}.Debug|x64.Deploy.0 = Debug|x64
		{08A85014-2E2E-485E-8F31-E04676AAE1A1}.Debug|x86.ActiveCfg = Debug|x86
		{08A85014-2E2E-485E-8F31-E04676AAE1A1}.Debug|x86.Build.0 = Debug|x86
		{08A85014-2E2E-485E-8F31-E04676AAE1A1}.Debug|x86.Deploy.0 = Debug|x86
		{08A85014-2E2E-485E-8F31-E04676AAE1A1}.Release|ARM.ActiveCfg = Release|ARM
		{08A85014-2E2E-485E-8F31-E04676AAE1A1}.Release|ARM.Build.0 = Release|ARM
		{08A85014-2E2E-485E-8F31-E04676AAE1A1}.Release|ARM.Deploy.0 = Release|ARM
		{08A85014-2E2E-485E-8F31-E04676AAE1A1}.Release|x64.ActiveCfg = Release|x64
		{08A85014-2E2E-485E-8F31-E04676AAE1A1}.Release|x64.Build.0 = Release|x64
		{08A85014-2E2E-485E-8F31-E04676AAE1A1}.Release|x64.Deploy.0 = Release|x64
		{08A85014-2E2E-485E-8F31-E04676AAE1A1}.Release|x86.ActiveCfg = Release|x86
		{08A85014-2E2E-485E-8F31-E04676AAE1A1}.Release|x86.Build.0 = Release|x86
		{08A85014-2E2E-485E-8F31-E04676AAE1A1}.Release|x86.Deploy.0 = Release|x86
	EndGlobalSection
	GlobalSection(SolutionProperties) = preSolution
		HideSolutionNode = FALSE
	EndGlobalSection
	GlobalSection(ExtensibilityGlobals) = postSolution
		SolutionGuid = {61F65898-A702-40E8-AE7D-E3A2FCC77F48}
	EndGlobalSection
EndGlobal
